// !$*UTF8*$!
{
	archiveVersion = 1;
	classes = {
	};
	objectVersion = 46;
	objects = {

/* Begin PBXBuildFile section */
		9B81AC221C0E24E200B95EAE /* main.cpp in Sources */ = {isa = PBXBuildFile; fileRef = 9B81AC211C0E24E200B95EAE /* main.cpp */; };
		9B81AC2D1C0E26F800B95EAE /* ASMFileReader.cpp in Sources */ = {isa = PBXBuildFile; fileRef = 9B81AC2B1C0E26F800B95EAE /* ASMFileReader.cpp */; };
		9B81AC301C0E273E00B95EAE /* BinaryFileWriter.cpp in Sources */ = {isa = PBXBuildFile; fileRef = 9B81AC2E1C0E273E00B95EAE /* BinaryFileWriter.cpp */; };
/* End PBXBuildFile section */

/* Begin PBXCopyFilesBuildPhase section */
		9B81AC1C1C0E24E200B95EAE /* CopyFiles */ = {
			isa = PBXCopyFilesBuildPhase;
			buildActionMask = 2147483647;
			dstPath = /usr/share/man/man1/;
			dstSubfolderSpec = 0;
			files = (
			);
			runOnlyForDeploymentPostprocessing = 1;
		};
/* End PBXCopyFilesBuildPhase section */

/* Begin PBXFileReference section */
		9028C35C1DB23B20004D9169 /* hardware.png */ = {isa = PBXFileReference; lastKnownFileType = image.png; path = hardware.png; sourceTree = "<group>"; };
		9028C35D1DB23B20004D9169 /* instruction_set_architecture.png */ = {isa = PBXFileReference; lastKnownFileType = image.png; path = instruction_set_architecture.png; sourceTree = "<group>"; };
		9028C35E1DB23B20004D9169 /* README.md */ = {isa = PBXFileReference; lastKnownFileType = net.daringfireball.markdown; path = README.md; sourceTree = "<group>"; };
		9B81AC1E1C0E24E200B95EAE /* EC-2 Assembler */ = {isa = PBXFileReference; explicitFileType = "compiled.mach-o.executable"; includeInIndex = 0; path = "EC-2 Assembler"; sourceTree = BUILT_PRODUCTS_DIR; };
		9B81AC211C0E24E200B95EAE /* main.cpp */ = {isa = PBXFileReference; lastKnownFileType = sourcecode.cpp.cpp; path = main.cpp; sourceTree = "<group>"; };
		9B81AC2B1C0E26F800B95EAE /* ASMFileReader.cpp */ = {isa = PBXFileReference; fileEncoding = 4; lastKnownFileType = sourcecode.cpp.cpp; path = ASMFileReader.cpp; sourceTree = "<group>"; };
		9B81AC2C1C0E26F800B95EAE /* ASMFileReader.hpp */ = {isa = PBXFileReference; fileEncoding = 4; lastKnownFileType = sourcecode.cpp.h; path = ASMFileReader.hpp; sourceTree = "<group>"; };
		9B81AC2E1C0E273E00B95EAE /* BinaryFileWriter.cpp */ = {isa = PBXFileReference; fileEncoding = 4; lastKnownFileType = sourcecode.cpp.cpp; path = BinaryFileWriter.cpp; sourceTree = "<group>"; };
		9B81AC2F1C0E273E00B95EAE /* BinaryFileWriter.hpp */ = {isa = PBXFileReference; fileEncoding = 4; lastKnownFileType = sourcecode.cpp.h; path = BinaryFileWriter.hpp; sourceTree = "<group>"; };
/* End PBXFileReference section */

/* Begin PBXFrameworksBuildPhase section */
		9B81AC1B1C0E24E200B95EAE /* Frameworks */ = {
			isa = PBXFrameworksBuildPhase;
			buildActionMask = 2147483647;
			files = (
			);
			runOnlyForDeploymentPostprocessing = 0;
		};
/* End PBXFrameworksBuildPhase section */

/* Begin PBXGroup section */
		9B81AC151C0E24E200B95EAE = {
			isa = PBXGroup;
			children = (
				9028C35C1DB23B20004D9169 /* hardware.png */,
				9028C35D1DB23B20004D9169 /* instruction_set_architecture.png */,
				9028C35E1DB23B20004D9169 /* README.md */,
				9B81AC201C0E24E200B95EAE /* EC2Assembler */,
				9B81AC1F1C0E24E200B95EAE /* Products */,
			);
			sourceTree = "<group>";
		};
		9B81AC1F1C0E24E200B95EAE /* Products */ = {
			isa = PBXGroup;
			children = (
				9B81AC1E1C0E24E200B95EAE /* EC-2 Assembler */,
			);
			name = Products;
			sourceTree = "<group>";
		};
		9B81AC201C0E24E200B95EAE /* EC2Assembler */ = {
			isa = PBXGroup;
			children = (
				9B81AC211C0E24E200B95EAE /* main.cpp */,
				9B81AC2B1C0E26F800B95EAE /* ASMFileReader.cpp */,
				9B81AC2C1C0E26F800B95EAE /* ASMFileReader.hpp */,
				9B81AC2E1C0E273E00B95EAE /* BinaryFileWriter.cpp */,
				9B81AC2F1C0E273E00B95EAE /* BinaryFileWriter.hpp */,
			);
			path = EC2Assembler;
			sourceTree = "<group>";
		};
/* End PBXGroup section */

/* Begin PBXNativeTarget section */
		9B81AC1D1C0E24E200B95EAE /* EC-2 Assembler */ = {
			isa = PBXNativeTarget;
			buildConfigurationList = 9B81AC251C0E24E200B95EAE /* Build configuration list for PBXNativeTarget "EC-2 Assembler" */;
			buildPhases = (
				9B81AC1A1C0E24E200B95EAE /* Sources */,
				9B81AC1B1C0E24E200B95EAE /* Frameworks */,
				9B81AC1C1C0E24E200B95EAE /* CopyFiles */,
			);
			buildRules = (
			);
			dependencies = (
			);
			name = "EC-2 Assembler";
			productName = EC2Assembler;
			productReference = 9B81AC1E1C0E24E200B95EAE /* EC-2 Assembler */;
			productType = "com.apple.product-type.tool";
		};
/* End PBXNativeTarget section */

/* Begin PBXProject section */
		9B81AC161C0E24E200B95EAE /* Project object */ = {
			isa = PBXProject;
			attributes = {
				LastUpgradeCheck = 0710;
				ORGANIZATIONNAME = "James Kauten";
				TargetAttributes = {
					9B81AC1D1C0E24E200B95EAE = {
						CreatedOnToolsVersion = 7.1.1;
					};
				};
			};
			buildConfigurationList = 9B81AC191C0E24E200B95EAE /* Build configuration list for PBXProject "EC-2 Assembler" */;
			compatibilityVersion = "Xcode 3.2";
			developmentRegion = English;
			hasScannedForEncodings = 0;
			knownRegions = (
				en,
			);
			mainGroup = 9B81AC151C0E24E200B95EAE;
			productRefGroup = 9B81AC1F1C0E24E200B95EAE /* Products */;
			projectDirPath = "";
			projectRoot = "";
			targets = (
				9B81AC1D1C0E24E200B95EAE /* EC-2 Assembler */,
			);
		};
/* End PBXProject section */

/* Begin PBXSourcesBuildPhase section */
		9B81AC1A1C0E24E200B95EAE /* Sources */ = {
			isa = PBXSourcesBuildPhase;
			buildActionMask = 2147483647;
			files = (
				9B81AC2D1C0E26F800B95EAE /* ASMFileReader.cpp in Sources */,
				9B81AC221C0E24E200B95EAE /* main.cpp in Sources */,
				9B81AC301C0E273E00B95EAE /* BinaryFileWriter.cpp in Sources */,
			);
			runOnlyForDeploymentPostprocessing = 0;
		};
/* End PBXSourcesBuildPhase section */

/* Begin XCBuildConfiguration section */
		9B81AC231C0E24E200B95EAE /* Debug */ = {
			isa = XCBuildConfiguration;
			buildSettings = {
				ALWAYS_SEARCH_USER_PATHS = NO;
				CLANG_CXX_LANGUAGE_STANDARD = "gnu++0x";
				CLANG_CXX_LIBRARY = "libc++";
				CLANG_ENABLE_MODULES = YES;
				CLANG_ENABLE_OBJC_ARC = YES;
				CLANG_WARN_BOOL_CONVERSION = YES;
				CLANG_WARN_CONSTANT_CONVERSION = YES;
				CLANG_WARN_DIRECT_OBJC_ISA_USAGE = YES_ERROR;
				CLANG_WARN_EMPTY_BODY = YES;
				CLANG_WARN_ENUM_CONVERSION = YES;
				CLANG_WARN_INT_CONVERSION = YES;
				CLANG_WARN_OBJC_ROOT_CLASS = YES_ERROR;
				CLANG_WARN_UNREACHABLE_CODE = YES;
				CLANG_WARN__DUPLICATE_METHOD_MATCH = YES;
				CODE_SIGN_IDENTITY = "-";
				COPY_PHASE_STRIP = NO;
				DEBUG_INFORMATION_FORMAT = dwarf;
				ENABLE_STRICT_OBJC_MSGSEND = YES;
				ENABLE_TESTABILITY = YES;
				GCC_C_LANGUAGE_STANDARD = gnu99;
				GCC_DYNAMIC_NO_PIC = NO;
				GCC_NO_COMMON_BLOCKS = YES;
				GCC_OPTIMIZATION_LEVEL = 0;
				GCC_PREPROCESSOR_DEFINITIONS = (
					"DEBUG=1",
					"$(inherited)",
				);
				GCC_WARN_64_TO_32_BIT_CONVERSION = YES;
				GCC_WARN_ABOUT_RETURN_TYPE = YES_ERROR;
				GCC_WARN_UNDECLARED_SELECTOR = YES;
				GCC_WARN_UNINITIALIZED_AUTOS = YES_AGGRESSIVE;
				GCC_WARN_UNUSED_FUNCTION = YES;
				GCC_WARN_UNUSED_VARIABLE = YES;
				MACOSX_DEPLOYMENT_TARGET = 10.11;
				MTL_ENABLE_DEBUG_INFO = YES;
				ONLY_ACTIVE_ARCH = YES;
				SDKROOT = macosx;
			};
			name = Debug;
		};
		9B81AC241C0E24E200B95EAE /* Release */ = {
			isa = XCBuildConfiguration;
			buildSettings = {
				ALWAYS_SEARCH_USER_PATHS = NO;
				CLANG_CXX_LANGUAGE_STANDARD = "gnu++0x";
				CLANG_CXX_LIBRARY = "libc++";
				CLANG_ENABLE_MODULES = YES;
				CLANG_ENABLE_OBJC_ARC = YES;
				CLANG_WARN_BOOL_CONVERSION = YES;
				CLANG_WARN_CONSTANT_CONVERSION = YES;
				CLANG_WARN_DIRECT_OBJC_ISA_USAGE = YES_ERROR;
				CLANG_WARN_EMPTY_BODY = YES;
				CLANG_WARN_ENUM_CONVERSION = YES;
				CLANG_WARN_INT_CONVERSION = YES;
				CLANG_WARN_OBJC_ROOT_CLASS = YES_ERROR;
				CLANG_WARN_UNREACHABLE_CODE = YES;
				CLANG_WARN__DUPLICATE_METHOD_MATCH = YES;
				CODE_SIGN_IDENTITY = "-";
				COPY_PHASE_STRIP = NO;
				DEBUG_INFORMATION_FORMAT = "dwarf-with-dsym";
				ENABLE_NS_ASSERTIONS = NO;
				ENABLE_STRICT_OBJC_MSGSEND = YES;
				GCC_C_LANGUAGE_STANDARD = gnu99;
				GCC_NO_COMMON_BLOCKS = YES;
				GCC_WARN_64_TO_32_BIT_CONVERSION = YES;
				GCC_WARN_ABOUT_RETURN_TYPE = YES_ERROR;
				GCC_WARN_UNDECLARED_SELECTOR = YES;
				GCC_WARN_UNINITIALIZED_AUTOS = YES_AGGRESSIVE;
				GCC_WARN_UNUSED_FUNCTION = YES;
				GCC_WARN_UNUSED_VARIABLE = YES;
				MACOSX_DEPLOYMENT_TARGET = 10.11;
				MTL_ENABLE_DEBUG_INFO = NO;
				SDKROOT = macosx;
			};
			name = Release;
		};
		9B81AC261C0E24E200B95EAE /* Debug */ = {
			isa = XCBuildConfiguration;
			buildSettings = {
				PRODUCT_NAME = "EC-2 Assembler";
			};
			name = Debug;
		};
		9B81AC271C0E24E200B95EAE /* Release */ = {
			isa = XCBuildConfiguration;
			buildSettings = {
				PRODUCT_NAME = "EC-2 Assembler";
			};
			name = Release;
		};
/* End XCBuildConfiguration section */

/* Begin XCConfigurationList section */
		9B81AC191C0E24E200B95EAE /* Build configuration list for PBXProject "EC-2 Assembler" */ = {
			isa = XCConfigurationList;
			buildConfigurations = (
				9B81AC231C0E24E200B95EAE /* Debug */,
				9B81AC241C0E24E200B95EAE /* Release */,
			);
			defaultConfigurationIsVisible = 0;
			defaultConfigurationName = Release;
		};
		9B81AC251C0E24E200B95EAE /* Build configuration list for PBXNativeTarget "EC-2 Assembler" */ = {
			isa = XCConfigurationList;
			buildConfigurations = (
				9B81AC261C0E24E200B95EAE /* Debug */,
				9B81AC271C0E24E200B95EAE /* Release */,
			);
			defaultConfigurationIsVisible = 0;
			defaultConfigurationName = Release;
		};
/* End XCConfigurationList section */
	};
	rootObject = 9B81AC161C0E24E200B95EAE /* Project object */;
}
